
Microsoft Visual Studio Solution File, Format Version 12.00
# Visual Studio 15
VisualStudioVersion = 15.0.27703.2026
MinimumVisualStudioVersion = 10.0.40219.1
Project("{FAE04EC0-301F-11D3-BF4B-00C04F79EFBC}") = "Booking", "BikeStore\Booking.csproj", "{42EB0940-93EF-4785-9452-8BCE4828AB64}"
EndProject
Project("{FAE04EC0-301F-11D3-BF4B-00C04F79EFBC}") = "BookingTests", "BookingTests\BookingTests.csproj", "{B94FA33E-2C8E-4B9D-A438-7379D302F008}"
EndProject
Global
	GlobalSection(SolutionConfigurationPlatforms) = preSolution
		Debug|Any CPU = Debug|Any CPU
		Release|Any CPU = Release|Any CPU
	EndGlobalSection
	GlobalSection(ProjectConfigurationPlatforms) = postSolution
		{42EB0940-93EF-4785-9452-8BCE4828AB64}.Debug|Any CPU.ActiveCfg = Debug|Any CPU
		{42EB0940-93EF-4785-9452-8BCE4828AB64}.Debug|Any CPU.Build.0 = Debug|Any CPU
		{42EB0940-93EF-4785-9452-8BCE4828AB64}.Release|Any CPU.ActiveCfg = Release|Any CPU
		{42EB0940-93EF-4785-9452-8BCE4828AB64}.Release|Any CPU.Build.0 = Release|Any CPU
		{B94FA33E-2C8E-4B9D-A438-7379D302F008}.Debug|Any CPU.ActiveCfg = Debug|Any CPU
		{B94FA33E-2C8E-4B9D-A438-7379D302F008}.Debug|Any CPU.Build.0 = Debug|Any CPU
		{B94FA33E-2C8E-4B9D-A438-7379D302F008}.Release|Any CPU.ActiveCfg = Release|Any CPU
		{B94FA33E-2C8E-4B9D-A438-7379D302F008}.Release|Any CPU.Build.0 = Release|Any CPU
	EndGlobalSection
	GlobalSection(SolutionProperties) = preSolution
		HideSolutionNode = FALSE
	EndGlobalSection
	GlobalSection(ExtensibilityGlobals) = postSolution
		SolutionGuid = {E00ECF9D-08C3-4BEC-AC67-5389AC673C2D}
	EndGlobalSection
EndGlobal
